
Microsoft Visual Studio Solution File, Format Version 12.00
# Visual Studio Version 17
VisualStudioVersion = 17.8.34330.188
MinimumVisualStudioVersion = 10.0.40219.1
Project("{9A19103F-16F7-4668-BE54-9A1E7A4F7556}") = "DataViewer.Core", "DataViewer.Core\DataViewer.Core.csproj", "{F71993D8-32FF-48F7-AE82-CCDC7BCF5720}"
EndProject
Project("{9A19103F-16F7-4668-BE54-9A1E7A4F7556}") = "DataViewer.Application", "DataViewer.Application\DataViewer.Application.csproj", "{8E9916FE-6F8F-4B58-9DE1-ACD7CE12DD46}"
EndProject
Project("{9A19103F-16F7-4668-BE54-9A1E7A4F7556}") = "DataViewer.DAL", "DataViewer.DAL\DataViewer.DAL.csproj", "{774EE9F5-A94D-491E-AAB5-6B8A1FB5AC25}"
EndProject
Project("{FAE04EC0-301F-11D3-BF4B-00C04F79EFBC}") = "Test", "Test\Test.csproj", "{C2BEED88-7A2E-46D6-9164-C0F391DEA9E8}"
EndProject
Global
	GlobalSection(SolutionConfigurationPlatforms) = preSolution
		Debug|Any CPU = Debug|Any CPU
		Release|Any CPU = Release|Any CPU
	EndGlobalSection
	GlobalSection(ProjectConfigurationPlatforms) = postSolution
		{F71993D8-32FF-48F7-AE82-CCDC7BCF5720}.Debug|Any CPU.ActiveCfg = Debug|Any CPU
		{F71993D8-32FF-48F7-AE82-CCDC7BCF5720}.Debug|Any CPU.Build.0 = Debug|Any CPU
		{F71993D8-32FF-48F7-AE82-CCDC7BCF5720}.Release|Any CPU.ActiveCfg = Release|Any CPU
		{F71993D8-32FF-48F7-AE82-CCDC7BCF5720}.Release|Any CPU.Build.0 = Release|Any CPU
		{8E9916FE-6F8F-4B58-9DE1-ACD7CE12DD46}.Debug|Any CPU.ActiveCfg = Debug|Any CPU
		{8E9916FE-6F8F-4B58-9DE1-ACD7CE12DD46}.Debug|Any CPU.Build.0 = Debug|Any CPU
		{8E9916FE-6F8F-4B58-9DE1-ACD7CE12DD46}.Release|Any CPU.ActiveCfg = Release|Any CPU
		{8E9916FE-6F8F-4B58-9DE1-ACD7CE12DD46}.Release|Any CPU.Build.0 = Release|Any CPU
		{774EE9F5-A94D-491E-AAB5-6B8A1FB5AC25}.Debug|Any CPU.ActiveCfg = Debug|Any CPU
		{774EE9F5-A94D-491E-AAB5-6B8A1FB5AC25}.Debug|Any CPU.Build.0 = Debug|Any CPU
		{774EE9F5-A94D-491E-AAB5-6B8A1FB5AC25}.Release|Any CPU.ActiveCfg = Release|Any CPU
		{774EE9F5-A94D-491E-AAB5-6B8A1FB5AC25}.Release|Any CPU.Build.0 = Release|Any CPU
		{C2BEED88-7A2E-46D6-9164-C0F391DEA9E8}.Debug|Any CPU.ActiveCfg = Debug|Any CPU
		{C2BEED88-7A2E-46D6-9164-C0F391DEA9E8}.Debug|Any CPU.Build.0 = Debug|Any CPU
		{C2BEED88-7A2E-46D6-9164-C0F391DEA9E8}.Release|Any CPU.ActiveCfg = Release|Any CPU
		{C2BEED88-7A2E-46D6-9164-C0F391DEA9E8}.Release|Any CPU.Build.0 = Release|Any CPU
	EndGlobalSection
	GlobalSection(SolutionProperties) = preSolution
		HideSolutionNode = FALSE
	EndGlobalSection
	GlobalSection(ExtensibilityGlobals) = postSolution
		SolutionGuid = {FF9EE303-0047-4FD1-A105-084A7B32D3AD}
	EndGlobalSection
EndGlobal
